
Microsoft Visual Studio Solution File, Format Version 12.00
# Visual Studio Version 17
VisualStudioVersion = 17.6.33815.320
MinimumVisualStudioVersion = 10.0.40219.1
Project("{FAE04EC0-301F-11D3-BF4B-00C04F79EFBC}") = "LetterSortApp", "LetterSortApp\LetterSortApp.csproj", "{B1E0070D-5BC8-4364-A939-1585540F4A17}"
EndProject
Global
	GlobalSection(SolutionConfigurationPlatforms) = preSolution
		Debug|Any CPU = Debug|Any CPU
		Release|Any CPU = Release|Any CPU
	EndGlobalSection
	GlobalSection(ProjectConfigurationPlatforms) = postSolution
		{B1E0070D-5BC8-4364-A939-1585540F4A17}.Debug|Any CPU.ActiveCfg = Debug|Any CPU
		{B1E0070D-5BC8-4364-A939-1585540F4A17}.Debug|Any CPU.Build.0 = Debug|Any CPU
		{B1E0070D-5BC8-4364-A939-1585540F4A17}.Release|Any CPU.ActiveCfg = Release|Any CPU
		{B1E0070D-5BC8-4364-A939-1585540F4A17}.Release|Any CPU.Build.0 = Release|Any CPU
	EndGlobalSection
	GlobalSection(SolutionProperties) = preSolution
		HideSolutionNode = FALSE
	EndGlobalSection
	GlobalSection(ExtensibilityGlobals) = postSolution
		SolutionGuid = {8DDFB25E-B3EF-46FC-95C6-9A84BFB97810}
	EndGlobalSection
EndGlobal
